// !$*UTF8*$!
{
	archiveVersion = 1;
	classes = {
	};
	objectVersion = 46;
	objects = {

/* Begin PBXBuildFile section */
		1F7E1C59183CF4BA00247FC9 /* Foundation.framework in Frameworks */ = {isa = PBXBuildFile; fileRef = 1F7E1C58183CF4BA00247FC9 /* Foundation.framework */; };
		1F7E1C5B183CF4BA00247FC9 /* CoreGraphics.framework in Frameworks */ = {isa = PBXBuildFile; fileRef = 1F7E1C5A183CF4BA00247FC9 /* CoreGraphics.framework */; };
		1F7E1C5D183CF4BA00247FC9 /* UIKit.framework in Frameworks */ = {isa = PBXBuildFile; fileRef = 1F7E1C5C183CF4BA00247FC9 /* UIKit.framework */; };
		1F7E1C63183CF4BA00247FC9 /* InfoPlist.strings in Resources */ = {isa = PBXBuildFile; fileRef = 1F7E1C61183CF4BA00247FC9 /* InfoPlist.strings */; };
		1F7E1C65183CF4BA00247FC9 /* main.m in Sources */ = {isa = PBXBuildFile; fileRef = 1F7E1C64183CF4BA00247FC9 /* main.m */; };
		1F7E1C69183CF4BA00247FC9 /* AppDelegate.m in Sources */ = {isa = PBXBuildFile; fileRef = 1F7E1C68183CF4BA00247FC9 /* AppDelegate.m */; };
		1F7E1C6C183CF4BA00247FC9 /* Main.storyboard in Resources */ = {isa = PBXBuildFile; fileRef = 1F7E1C6A183CF4BA00247FC9 /* Main.storyboard */; };
		1F7E1C6F183CF4BA00247FC9 /* ViewController.m in Sources */ = {isa = PBXBuildFile; fileRef = 1F7E1C6E183CF4BA00247FC9 /* ViewController.m */; };
		1F7E1C71183CF4BA00247FC9 /* Images.xcassets in Resources */ = {isa = PBXBuildFile; fileRef = 1F7E1C70183CF4BA00247FC9 /* Images.xcassets */; };
		1F7E1C78183CF4BB00247FC9 /* XCTest.framework in Frameworks */ = {isa = PBXBuildFile; fileRef = 1F7E1C77183CF4BB00247FC9 /* XCTest.framework */; };
		1F7E1C79183CF4BB00247FC9 /* Foundation.framework in Frameworks */ = {isa = PBXBuildFile; fileRef = 1F7E1C58183CF4BA00247FC9 /* Foundation.framework */; };
		1F7E1C7A183CF4BB00247FC9 /* UIKit.framework in Frameworks */ = {isa = PBXBuildFile; fileRef = 1F7E1C5C183CF4BA00247FC9 /* UIKit.framework */; };
		1F7E1C82183CF4BB00247FC9 /* InfoPlist.strings in Resources */ = {isa = PBXBuildFile; fileRef = 1F7E1C80183CF4BB00247FC9 /* InfoPlist.strings */; };
		1F7E1C84183CF4BB00247FC9 /* KVCDemoTests.m in Sources */ = {isa = PBXBuildFile; fileRef = 1F7E1C83183CF4BB00247FC9 /* KVCDemoTests.m */; };
		1F7E1C8F183CF56300247FC9 /* Video.m in Sources */ = {isa = PBXBuildFile; fileRef = 1F7E1C8E183CF56300247FC9 /* Video.m */; };
		1F7E1C92183CF5B600247FC9 /* NSObject+Property.m in Sources */ = {isa = PBXBuildFile; fileRef = 1F7E1C91183CF5B600247FC9 /* NSObject+Property.m */; };
		1F7E1C95183D011400247FC9 /* User.m in Sources */ = {isa = PBXBuildFile; fileRef = 1F7E1C94183D011400247FC9 /* User.m */; };
		1F7E1C98183D042000247FC9 /* APIClient.m in Sources */ = {isa = PBXBuildFile; fileRef = 1F7E1C97183D042000247FC9 /* APIClient.m */; };
/* End PBXBuildFile section */

/* Begin PBXContainerItemProxy section */
		1F7E1C7B183CF4BB00247FC9 /* PBXContainerItemProxy */ = {
			isa = PBXContainerItemProxy;
			containerPortal = 1F7E1C4D183CF4BA00247FC9 /* Project object */;
			proxyType = 1;
			remoteGlobalIDString = 1F7E1C54183CF4BA00247FC9;
			remoteInfo = KVCDemo;
		};
/* End PBXContainerItemProxy section */

/* Begin PBXFileReference section */
		1F7E1C55183CF4BA00247FC9 /* KVCDemo.app */ = {isa = PBXFileReference; explicitFileType = wrapper.application; includeInIndex = 0; path = KVCDemo.app; sourceTree = BUILT_PRODUCTS_DIR; };
		1F7E1C58183CF4BA00247FC9 /* Foundation.framework */ = {isa = PBXFileReference; lastKnownFileType = wrapper.framework; name = Foundation.framework; path = System/Library/Frameworks/Foundation.framework; sourceTree = SDKROOT; };
		1F7E1C5A183CF4BA00247FC9 /* CoreGraphics.framework */ = {isa = PBXFileReference; lastKnownFileType = wrapper.framework; name = CoreGraphics.framework; path = System/Library/Frameworks/CoreGraphics.framework; sourceTree = SDKROOT; };
		1F7E1C5C183CF4BA00247FC9 /* UIKit.framework */ = {isa = PBXFileReference; lastKnownFileType = wrapper.framework; name = UIKit.framework; path = System/Library/Frameworks/UIKit.framework; sourceTree = SDKROOT; };
		1F7E1C60183CF4BA00247FC9 /* KVCDemo-Info.plist */ = {isa = PBXFileReference; lastKnownFileType = text.plist.xml; path = "KVCDemo-Info.plist"; sourceTree = "<group>"; };
		1F7E1C62183CF4BA00247FC9 /* en */ = {isa = PBXFileReference; lastKnownFileType = text.plist.strings; name = en; path = en.lproj/InfoPlist.strings; sourceTree = "<group>"; };
		1F7E1C64183CF4BA00247FC9 /* main.m */ = {isa = PBXFileReference; lastKnownFileType = sourcecode.c.objc; path = main.m; sourceTree = "<group>"; };
		1F7E1C66183CF4BA00247FC9 /* KVCDemo-Prefix.pch */ = {isa = PBXFileReference; lastKnownFileType = sourcecode.c.h; path = "KVCDemo-Prefix.pch"; sourceTree = "<group>"; };
		1F7E1C67183CF4BA00247FC9 /* AppDelegate.h */ = {isa = PBXFileReference; lastKnownFileType = sourcecode.c.h; path = AppDelegate.h; sourceTree = "<group>"; };
		1F7E1C68183CF4BA00247FC9 /* AppDelegate.m */ = {isa = PBXFileReference; lastKnownFileType = sourcecode.c.objc; path = AppDelegate.m; sourceTree = "<group>"; };
		1F7E1C6B183CF4BA00247FC9 /* Base */ = {isa = PBXFileReference; lastKnownFileType = file.storyboard; name = Base; path = Base.lproj/Main.storyboard; sourceTree = "<group>"; };
		1F7E1C6D183CF4BA00247FC9 /* ViewController.h */ = {isa = PBXFileReference; lastKnownFileType = sourcecode.c.h; path = ViewController.h; sourceTree = "<group>"; };
		1F7E1C6E183CF4BA00247FC9 /* ViewController.m */ = {isa = PBXFileReference; lastKnownFileType = sourcecode.c.objc; path = ViewController.m; sourceTree = "<group>"; };
		1F7E1C70183CF4BA00247FC9 /* Images.xcassets */ = {isa = PBXFileReference; lastKnownFileType = folder.assetcatalog; path = Images.xcassets; sourceTree = "<group>"; };
		1F7E1C76183CF4BB00247FC9 /* KVCDemoTests.xctest */ = {isa = PBXFileReference; explicitFileType = wrapper.cfbundle; includeInIndex = 0; path = KVCDemoTests.xctest; sourceTree = BUILT_PRODUCTS_DIR; };
		1F7E1C77183CF4BB00247FC9 /* XCTest.framework */ = {isa = PBXFileReference; lastKnownFileType = wrapper.framework; name = XCTest.framework; path = Library/Frameworks/XCTest.framework; sourceTree = DEVELOPER_DIR; };
		1F7E1C7F183CF4BB00247FC9 /* KVCDemoTests-Info.plist */ = {isa = PBXFileReference; lastKnownFileType = text.plist.xml; path = "KVCDemoTests-Info.plist"; sourceTree = "<group>"; };
		1F7E1C81183CF4BB00247FC9 /* en */ = {isa = PBXFileReference; lastKnownFileType = text.plist.strings; name = en; path = en.lproj/InfoPlist.strings; sourceTree = "<group>"; };
		1F7E1C83183CF4BB00247FC9 /* KVCDemoTests.m */ = {isa = PBXFileReference; lastKnownFileType = sourcecode.c.objc; path = KVCDemoTests.m; sourceTree = "<group>"; };
		1F7E1C8D183CF56300247FC9 /* Video.h */ = {isa = PBXFileReference; fileEncoding = 4; lastKnownFileType = sourcecode.c.h; path = Video.h; sourceTree = "<group>"; };
		1F7E1C8E183CF56300247FC9 /* Video.m */ = {isa = PBXFileReference; fileEncoding = 4; lastKnownFileType = sourcecode.c.objc; path = Video.m; sourceTree = "<group>"; };
		1F7E1C90183CF5B600247FC9 /* NSObject+Property.h */ = {isa = PBXFileReference; fileEncoding = 4; lastKnownFileType = sourcecode.c.h; path = "NSObject+Property.h"; sourceTree = "<group>"; };
		1F7E1C91183CF5B600247FC9 /* NSObject+Property.m */ = {isa = PBXFileReference; fileEncoding = 4; lastKnownFileType = sourcecode.c.objc; path = "NSObject+Property.m"; sourceTree = "<group>"; };
		1F7E1C93183D011400247FC9 /* User.h */ = {isa = PBXFileReference; fileEncoding = 4; lastKnownFileType = sourcecode.c.h; path = User.h; sourceTree = "<group>"; };
		1F7E1C94183D011400247FC9 /* User.m */ = {isa = PBXFileReference; fileEncoding = 4; lastKnownFileType = sourcecode.c.objc; path = User.m; sourceTree = "<group>"; };
		1F7E1C96183D042000247FC9 /* APIClient.h */ = {isa = PBXFileReference; fileEncoding = 4; lastKnownFileType = sourcecode.c.h; path = APIClient.h; sourceTree = "<group>"; };
		1F7E1C97183D042000247FC9 /* APIClient.m */ = {isa = PBXFileReference; fileEncoding = 4; lastKnownFileType = sourcecode.c.objc; path = APIClient.m; sourceTree = "<group>"; };
/* End PBXFileReference section */

/* Begin PBXFrameworksBuildPhase section */
		1F7E1C52183CF4BA00247FC9 /* Frameworks */ = {
			isa = PBXFrameworksBuildPhase;
			buildActionMask = 2147483647;
			files = (
				1F7E1C5B183CF4BA00247FC9 /* CoreGraphics.framework in Frameworks */,
				1F7E1C5D183CF4BA00247FC9 /* UIKit.framework in Frameworks */,
				1F7E1C59183CF4BA00247FC9 /* Foundation.framework in Frameworks */,
			);
			runOnlyForDeploymentPostprocessing = 0;
		};
		1F7E1C73183CF4BB00247FC9 /* Frameworks */ = {
			isa = PBXFrameworksBuildPhase;
			buildActionMask = 2147483647;
			files = (
				1F7E1C78183CF4BB00247FC9 /* XCTest.framework in Frameworks */,
				1F7E1C7A183CF4BB00247FC9 /* UIKit.framework in Frameworks */,
				1F7E1C79183CF4BB00247FC9 /* Foundation.framework in Frameworks */,
			);
			runOnlyForDeploymentPostprocessing = 0;
		};
/* End PBXFrameworksBuildPhase section */

/* Begin PBXGroup section */
		1F7E1C4C183CF4BA00247FC9 = {
			isa = PBXGroup;
			children = (
				1F7E1C5E183CF4BA00247FC9 /* KVCDemo */,
				1F7E1C7D183CF4BB00247FC9 /* KVCDemoTests */,
				1F7E1C57183CF4BA00247FC9 /* Frameworks */,
				1F7E1C56183CF4BA00247FC9 /* Products */,
			);
			sourceTree = "<group>";
		};
		1F7E1C56183CF4BA00247FC9 /* Products */ = {
			isa = PBXGroup;
			children = (
				1F7E1C55183CF4BA00247FC9 /* KVCDemo.app */,
				1F7E1C76183CF4BB00247FC9 /* KVCDemoTests.xctest */,
			);
			name = Products;
			sourceTree = "<group>";
		};
		1F7E1C57183CF4BA00247FC9 /* Frameworks */ = {
			isa = PBXGroup;
			children = (
				1F7E1C58183CF4BA00247FC9 /* Foundation.framework */,
				1F7E1C5A183CF4BA00247FC9 /* CoreGraphics.framework */,
				1F7E1C5C183CF4BA00247FC9 /* UIKit.framework */,
				1F7E1C77183CF4BB00247FC9 /* XCTest.framework */,
			);
			name = Frameworks;
			sourceTree = "<group>";
		};
		1F7E1C5E183CF4BA00247FC9 /* KVCDemo */ = {
			isa = PBXGroup;
			children = (
				1F7E1C67183CF4BA00247FC9 /* AppDelegate.h */,
				1F7E1C68183CF4BA00247FC9 /* AppDelegate.m */,
				1F7E1C6A183CF4BA00247FC9 /* Main.storyboard */,
				1F7E1C6D183CF4BA00247FC9 /* ViewController.h */,
				1F7E1C6E183CF4BA00247FC9 /* ViewController.m */,
				1F7E1C70183CF4BA00247FC9 /* Images.xcassets */,
				1F7E1C5F183CF4BA00247FC9 /* Supporting Files */,
				1F7E1C8D183CF56300247FC9 /* Video.h */,
				1F7E1C8E183CF56300247FC9 /* Video.m */,
				1F7E1C90183CF5B600247FC9 /* NSObject+Property.h */,
				1F7E1C91183CF5B600247FC9 /* NSObject+Property.m */,
				1F7E1C93183D011400247FC9 /* User.h */,
				1F7E1C94183D011400247FC9 /* User.m */,
				1F7E1C96183D042000247FC9 /* APIClient.h */,
				1F7E1C97183D042000247FC9 /* APIClient.m */,
			);
			path = KVCDemo;
			sourceTree = "<group>";
		};
		1F7E1C5F183CF4BA00247FC9 /* Supporting Files */ = {
			isa = PBXGroup;
			children = (
				1F7E1C60183CF4BA00247FC9 /* KVCDemo-Info.plist */,
				1F7E1C61183CF4BA00247FC9 /* InfoPlist.strings */,
				1F7E1C64183CF4BA00247FC9 /* main.m */,
				1F7E1C66183CF4BA00247FC9 /* KVCDemo-Prefix.pch */,
			);
			name = "Supporting Files";
			sourceTree = "<group>";
		};
		1F7E1C7D183CF4BB00247FC9 /* KVCDemoTests */ = {
			isa = PBXGroup;
			children = (
				1F7E1C83183CF4BB00247FC9 /* KVCDemoTests.m */,
				1F7E1C7E183CF4BB00247FC9 /* Supporting Files */,
			);
			path = KVCDemoTests;
			sourceTree = "<group>";
		};
		1F7E1C7E183CF4BB00247FC9 /* Supporting Files */ = {
			isa = PBXGroup;
			children = (
				1F7E1C7F183CF4BB00247FC9 /* KVCDemoTests-Info.plist */,
				1F7E1C80183CF4BB00247FC9 /* InfoPlist.strings */,
			);
			name = "Supporting Files";
			sourceTree = "<group>";
		};
/* End PBXGroup section */

/* Begin PBXNativeTarget section */
		1F7E1C54183CF4BA00247FC9 /* KVCDemo */ = {
			isa = PBXNativeTarget;
			buildConfigurationList = 1F7E1C87183CF4BB00247FC9 /* Build configuration list for PBXNativeTarget "KVCDemo" */;
			buildPhases = (
				1F7E1C51183CF4BA00247FC9 /* Sources */,
				1F7E1C52183CF4BA00247FC9 /* Frameworks */,
				1F7E1C53183CF4BA00247FC9 /* Resources */,
			);
			buildRules = (
			);
			dependencies = (
			);
			name = KVCDemo;
			productName = KVCDemo;
			productReference = 1F7E1C55183CF4BA00247FC9 /* KVCDemo.app */;
			productType = "com.apple.product-type.application";
		};
		1F7E1C75183CF4BB00247FC9 /* KVCDemoTests */ = {
			isa = PBXNativeTarget;
			buildConfigurationList = 1F7E1C8A183CF4BB00247FC9 /* Build configuration list for PBXNativeTarget "KVCDemoTests" */;
			buildPhases = (
				1F7E1C72183CF4BB00247FC9 /* Sources */,
				1F7E1C73183CF4BB00247FC9 /* Frameworks */,
				1F7E1C74183CF4BB00247FC9 /* Resources */,
			);
			buildRules = (
			);
			dependencies = (
				1F7E1C7C183CF4BB00247FC9 /* PBXTargetDependency */,
			);
			name = KVCDemoTests;
			productName = KVCDemoTests;
			productReference = 1F7E1C76183CF4BB00247FC9 /* KVCDemoTests.xctest */;
			productType = "com.apple.product-type.bundle.unit-test";
		};
/* End PBXNativeTarget section */

/* Begin PBXProject section */
		1F7E1C4D183CF4BA00247FC9 /* Project object */ = {
			isa = PBXProject;
			attributes = {
				LastUpgradeCheck = 0500;
				ORGANIZATIONNAME = NightWish;
				TargetAttributes = {
					1F7E1C75183CF4BB00247FC9 = {
						TestTargetID = 1F7E1C54183CF4BA00247FC9;
					};
				};
			};
			buildConfigurationList = 1F7E1C50183CF4BA00247FC9 /* Build configuration list for PBXProject "KVCDemo" */;
			compatibilityVersion = "Xcode 3.2";
			developmentRegion = English;
			hasScannedForEncodings = 0;
			knownRegions = (
				en,
				Base,
			);
			mainGroup = 1F7E1C4C183CF4BA00247FC9;
			productRefGroup = 1F7E1C56183CF4BA00247FC9 /* Products */;
			projectDirPath = "";
			projectRoot = "";
			targets = (
				1F7E1C54183CF4BA00247FC9 /* KVCDemo */,
				1F7E1C75183CF4BB00247FC9 /* KVCDemoTests */,
			);
		};
/* End PBXProject section */

/* Begin PBXResourcesBuildPhase section */
		1F7E1C53183CF4BA00247FC9 /* Resources */ = {
			isa = PBXResourcesBuildPhase;
			buildActionMask = 2147483647;
			files = (
				1F7E1C71183CF4BA00247FC9 /* Images.xcassets in Resources */,
				1F7E1C63183CF4BA00247FC9 /* InfoPlist.strings in Resources */,
				1F7E1C6C183CF4BA00247FC9 /* Main.storyboard in Resources */,
			);
			runOnlyForDeploymentPostprocessing = 0;
		};
		1F7E1C74183CF4BB00247FC9 /* Resources */ = {
			isa = PBXResourcesBuildPhase;
			buildActionMask = 2147483647;
			files = (
				1F7E1C82183CF4BB00247FC9 /* InfoPlist.strings in Resources */,
			);
			runOnlyForDeploymentPostprocessing = 0;
		};
/* End PBXResourcesBuildPhase section */

/* Begin PBXSourcesBuildPhase section */
		1F7E1C51183CF4BA00247FC9 /* Sources */ = {
			isa = PBXSourcesBuildPhase;
			buildActionMask = 2147483647;
			files = (
				1F7E1C6F183CF4BA00247FC9 /* ViewController.m in Sources */,
				1F7E1C98183D042000247FC9 /* APIClient.m in Sources */,
				1F7E1C8F183CF56300247FC9 /* Video.m in Sources */,
				1F7E1C95183D011400247FC9 /* User.m in Sources */,
				1F7E1C69183CF4BA00247FC9 /* AppDelegate.m in Sources */,
				1F7E1C92183CF5B600247FC9 /* NSObject+Property.m in Sources */,
				1F7E1C65183CF4BA00247FC9 /* main.m in Sources */,
			);
			runOnlyForDeploymentPostprocessing = 0;
		};
		1F7E1C72183CF4BB00247FC9 /* Sources */ = {
			isa = PBXSourcesBuildPhase;
			buildActionMask = 2147483647;
			files = (
				1F7E1C84183CF4BB00247FC9 /* KVCDemoTests.m in Sources */,
			);
			runOnlyForDeploymentPostprocessing = 0;
		};
/* End PBXSourcesBuildPhase section */

/* Begin PBXTargetDependency section */
		1F7E1C7C183CF4BB00247FC9 /* PBXTargetDependency */ = {
			isa = PBXTargetDependency;
			target = 1F7E1C54183CF4BA00247FC9 /* KVCDemo */;
			targetProxy = 1F7E1C7B183CF4BB00247FC9 /* PBXContainerItemProxy */;
		};
/* End PBXTargetDependency section */

/* Begin PBXVariantGroup section */
		1F7E1C61183CF4BA00247FC9 /* InfoPlist.strings */ = {
			isa = PBXVariantGroup;
			children = (
				1F7E1C62183CF4BA00247FC9 /* en */,
			);
			name = InfoPlist.strings;
			sourceTree = "<group>";
		};
		1F7E1C6A183CF4BA00247FC9 /* Main.storyboard */ = {
			isa = PBXVariantGroup;
			children = (
				1F7E1C6B183CF4BA00247FC9 /* Base */,
			);
			name = Main.storyboard;
			sourceTree = "<group>";
		};
		1F7E1C80183CF4BB00247FC9 /* InfoPlist.strings */ = {
			isa = PBXVariantGroup;
			children = (
				1F7E1C81183CF4BB00247FC9 /* en */,
			);
			name = InfoPlist.strings;
			sourceTree = "<group>";
		};
/* End PBXVariantGroup section */

/* Begin XCBuildConfiguration section */
		1F7E1C85183CF4BB00247FC9 /* Debug */ = {
			isa = XCBuildConfiguration;
			buildSettings = {
				ALWAYS_SEARCH_USER_PATHS = NO;
				ARCHS = "$(ARCHS_STANDARD_INCLUDING_64_BIT)";
				CLANG_CXX_LANGUAGE_STANDARD = "gnu++0x";
				CLANG_CXX_LIBRARY = "libc++";
				CLANG_ENABLE_MODULES = YES;
				CLANG_ENABLE_OBJC_ARC = YES;
				CLANG_WARN_BOOL_CONVERSION = YES;
				CLANG_WARN_CONSTANT_CONVERSION = YES;
				CLANG_WARN_DIRECT_OBJC_ISA_USAGE = YES_ERROR;
				CLANG_WARN_EMPTY_BODY = YES;
				CLANG_WARN_ENUM_CONVERSION = YES;
				CLANG_WARN_INT_CONVERSION = YES;
				CLANG_WARN_OBJC_ROOT_CLASS = YES_ERROR;
				CLANG_WARN__DUPLICATE_METHOD_MATCH = YES;
				"CODE_SIGN_IDENTITY[sdk=iphoneos*]" = "iPhone Developer";
				COPY_PHASE_STRIP = NO;
				GCC_C_LANGUAGE_STANDARD = gnu99;
				GCC_DYNAMIC_NO_PIC = NO;
				GCC_OPTIMIZATION_LEVEL = 0;
				GCC_PREPROCESSOR_DEFINITIONS = (
					"DEBUG=1",
					"$(inherited)",
				);
				GCC_SYMBOLS_PRIVATE_EXTERN = NO;
				GCC_WARN_64_TO_32_BIT_CONVERSION = YES;
				GCC_WARN_ABOUT_RETURN_TYPE = YES_ERROR;
				GCC_WARN_UNDECLARED_SELECTOR = YES;
				GCC_WARN_UNINITIALIZED_AUTOS = YES;
				GCC_WARN_UNUSED_FUNCTION = YES;
				GCC_WARN_UNUSED_VARIABLE = YES;
				IPHONEOS_DEPLOYMENT_TARGET = 7.0;
				ONLY_ACTIVE_ARCH = YES;
				SDKROOT = iphoneos;
			};
			name = Debug;
		};
		1F7E1C86183CF4BB00247FC9 /* Release */ = {
			isa = XCBuildConfiguration;
			buildSettings = {
				ALWAYS_SEARCH_USER_PATHS = NO;
				ARCHS = "$(ARCHS_STANDARD_INCLUDING_64_BIT)";
				CLANG_CXX_LANGUAGE_STANDARD = "gnu++0x";
				CLANG_CXX_LIBRARY = "libc++";
				CLANG_ENABLE_MODULES = YES;
				CLANG_ENABLE_OBJC_ARC = YES;
				CLANG_WARN_BOOL_CONVERSION = YES;
				CLANG_WARN_CONSTANT_CONVERSION = YES;
				CLANG_WARN_DIRECT_OBJC_ISA_USAGE = YES_ERROR;
				CLANG_WARN_EMPTY_BODY = YES;
				CLANG_WARN_ENUM_CONVERSION = YES;
				CLANG_WARN_INT_CONVERSION = YES;
				CLANG_WARN_OBJC_ROOT_CLASS = YES_ERROR;
				CLANG_WARN__DUPLICATE_METHOD_MATCH = YES;
				"CODE_SIGN_IDENTITY[sdk=iphoneos*]" = "iPhone Developer";
				COPY_PHASE_STRIP = YES;
				ENABLE_NS_ASSERTIONS = NO;
				GCC_C_LANGUAGE_STANDARD = gnu99;
				GCC_WARN_64_TO_32_BIT_CONVERSION = YES;
				GCC_WARN_ABOUT_RETURN_TYPE = YES_ERROR;
				GCC_WARN_UNDECLARED_SELECTOR = YES;
				GCC_WARN_UNINITIALIZED_AUTOS = YES;
				GCC_WARN_UNUSED_FUNCTION = YES;
				GCC_WARN_UNUSED_VARIABLE = YES;
				IPHONEOS_DEPLOYMENT_TARGET = 7.0;
				SDKROOT = iphoneos;
				VALIDATE_PRODUCT = YES;
			};
			name = Release;
		};
		1F7E1C88183CF4BB00247FC9 /* Debug */ = {
			isa = XCBuildConfiguration;
			buildSettings = {
				ASSETCATALOG_COMPILER_APPICON_NAME = AppIcon;
				ASSETCATALOG_COMPILER_LAUNCHIMAGE_NAME = LaunchImage;
				GCC_PRECOMPILE_PREFIX_HEADER = YES;
				GCC_PREFIX_HEADER = "KVCDemo/KVCDemo-Prefix.pch";
				INFOPLIST_FILE = "KVCDemo/KVCDemo-Info.plist";
				PRODUCT_NAME = "$(TARGET_NAME)";
				WRAPPER_EXTENSION = app;
			};
			name = Debug;
		};
		1F7E1C89183CF4BB00247FC9 /* Release */ = {
			isa = XCBuildConfiguration;
			buildSettings = {
				ASSETCATALOG_COMPILER_APPICON_NAME = AppIcon;
				ASSETCATALOG_COMPILER_LAUNCHIMAGE_NAME = LaunchImage;
				GCC_PRECOMPILE_PREFIX_HEADER = YES;
				GCC_PREFIX_HEADER = "KVCDemo/KVCDemo-Prefix.pch";
				INFOPLIST_FILE = "KVCDemo/KVCDemo-Info.plist";
				PRODUCT_NAME = "$(TARGET_NAME)";
				WRAPPER_EXTENSION = app;
			};
			name = Release;
		};
		1F7E1C8B183CF4BB00247FC9 /* Debug */ = {
			isa = XCBuildConfiguration;
			buildSettings = {
				ARCHS = "$(ARCHS_STANDARD_INCLUDING_64_BIT)";
				BUNDLE_LOADER = "$(BUILT_PRODUCTS_DIR)/KVCDemo.app/KVCDemo";
				FRAMEWORK_SEARCH_PATHS = (
					"$(SDKROOT)/Developer/Library/Frameworks",
					"$(inherited)",
					"$(DEVELOPER_FRAMEWORKS_DIR)",
				);
				GCC_PRECOMPILE_PREFIX_HEADER = YES;
				GCC_PREFIX_HEADER = "KVCDemo/KVCDemo-Prefix.pch";
				GCC_PREPROCESSOR_DEFINITIONS = (
					"DEBUG=1",
					"$(inherited)",
				);
				INFOPLIST_FILE = "KVCDemoTests/KVCDemoTests-Info.plist";
				PRODUCT_NAME = "$(TARGET_NAME)";
				TEST_HOST = "$(BUNDLE_LOADER)";
				WRAPPER_EXTENSION = xctest;
			};
			name = Debug;
		};
		1F7E1C8C183CF4BB00247FC9 /* Release */ = {
			isa = XCBuildConfiguration;
			buildSettings = {
				ARCHS = "$(ARCHS_STANDARD_INCLUDING_64_BIT)";
				BUNDLE_LOADER = "$(BUILT_PRODUCTS_DIR)/KVCDemo.app/KVCDemo";
				FRAMEWORK_SEARCH_PATHS = (
					"$(SDKROOT)/Developer/Library/Frameworks",
					"$(inherited)",
					"$(DEVELOPER_FRAMEWORKS_DIR)",
				);
				GCC_PRECOMPILE_PREFIX_HEADER = YES;
				GCC_PREFIX_HEADER = "KVCDemo/KVCDemo-Prefix.pch";
				INFOPLIST_FILE = "KVCDemoTests/KVCDemoTests-Info.plist";
				PRODUCT_NAME = "$(TARGET_NAME)";
				TEST_HOST = "$(BUNDLE_LOADER)";
				WRAPPER_EXTENSION = xctest;
			};
			name = Release;
		};
/* End XCBuildConfiguration section */

/* Begin XCConfigurationList section */
		1F7E1C50183CF4BA00247FC9 /* Build configuration list for PBXProject "KVCDemo" */ = {
			isa = XCConfigurationList;
			buildConfigurations = (
				1F7E1C85183CF4BB00247FC9 /* Debug */,
				1F7E1C86183CF4BB00247FC9 /* Release */,
			);
			defaultConfigurationIsVisible = 0;
			defaultConfigurationName = Release;
		};
		1F7E1C87183CF4BB00247FC9 /* Build configuration list for PBXNativeTarget "KVCDemo" */ = {
			isa = XCConfigurationList;
			buildConfigurations = (
				1F7E1C88183CF4BB00247FC9 /* Debug */,
				1F7E1C89183CF4BB00247FC9 /* Release */,
			);
			defaultConfigurationIsVisible = 0;
		};
		1F7E1C8A183CF4BB00247FC9 /* Build configuration list for PBXNativeTarget "KVCDemoTests" */ = {
			isa = XCConfigurationList;
			buildConfigurations = (
				1F7E1C8B183CF4BB00247FC9 /* Debug */,
				1F7E1C8C183CF4BB00247FC9 /* Release */,
			);
			defaultConfigurationIsVisible = 0;
		};
/* End XCConfigurationList section */
	};
	rootObject = 1F7E1C4D183CF4BA00247FC9 /* Project object */;
}
